lockfileVersion: '9.0'

settings:
  autoInstallPeers: true
  excludeLinksFromLockfile: false

overrides:
  '@deepseek-ai/schemastery': 3.18.2

importers:

  .:
    devDependencies:
      '@types/node':
        specifier: ^22.0.0
        version: 22.20.1
      typescript:
        specifier: ^5.6.0
        version: 5.9.3

  packages/agents:
    devDependencies:
      '@deepseek-ai/cordis':
        specifier: ^4.0.1
        version: 4.0.1(@deepseek-ai/cordis-plugin-include@1.0.7)(@deepseek-ai/cordis-plugin-loader@1.0.5)
      '@deepseek-ai/dsh-skill':
        specifier: 0.1.7-alpha.2
        version: 0.1.7-alpha.2(@deepseek-ai/cordis@4.0.1)(@deepseek-ai/dsh-llm@0.1.7-alpha.2(@deepseek-ai/cordis@4.0.1))(@deepseek-ai/dsh-scope@0.1.7-alpha.2(@deepseek-ai/cordis@4.0.1)(@deepseek-ai/dsh-invariants@0.1.7-alpha.2(@deepseek-ai/cordis@4.0.1)))
      '@types/node':
        specifier: ^22.0.0
        version: 22.20.1
      typescript:
        specifier: ^5.6.0
        version: 5.9.3

  packages/berget-refresh: {}

  packages/berget-usage: {}

  packages/board:
    dependencies:
      '@deepseek-ai/schemastery':
        specifier: 3.18.2
        version: 3.18.2
      '@hive/dsh-dream-archive':
        specifier: workspace:*
        version: link:../dream-archive
    devDependencies:
      '@deepseek-ai/cordis':
        specifier: ^4.0.1
        version: 4.0.1(@deepseek-ai/cordis-plugin-include@1.0.7)(@deepseek-ai/cordis-plugin-loader@1.0.5)
      '@deepseek-ai/dsh-llm':
        specifier: 0.1.7-alpha.2
        version: 0.1.7-alpha.2(@deepseek-ai/cordis@4.0.1)
      '@deepseek-ai/dsh-tools':
        specifier: 0.1.7-alpha.2
        version: 0.1.7-alpha.2(ed355b4bc239c9edc1dc9867994785dd)
      '@types/node':
        specifier: ^22.0.0
        version: 22.20.1
      typescript:
        specifier: ^5.6.0
        version: 5.9.3

  packages/dream-archive:
    dependencies:
      '@deepseek-ai/schemastery':
        specifier: 3.18.2
        version: 3.18.2
    devDependencies:
      '@deepseek-ai/cordis':
        specifier: ^4.0.1
        version: 4.0.1(@deepseek-ai/cordis-plugin-include@1.0.7)(@deepseek-ai/cordis-plugin-loader@1.0.5)
      '@types/node':
        specifier: ^22.0.0
        version: 22.20.1
      typescript:
        specifier: ^5.6.0
        version: 5.9.3

  packages/evolution:
    dependencies:
      '@deepseek-ai/schemastery':
        specifier: 3.18.2
        version: 3.18.2
      '@hive/dsh-board':
        specifier: workspace:*
        version: link:../board
    devDependencies:
      '@deepseek-ai/cordis':
        specifier: ^4.0.1
        version: 4.0.1(@deepseek-ai/cordis-plugin-include@1.0.7)(@deepseek-ai/cordis-plugin-loader@1.0.5)
      '@deepseek-ai/dsh-agent':
        specifier: 0.1.7-alpha.2
        version: 0.1.7-alpha.2(b35fb659967b07125f84a5a41bf0e934)
      '@deepseek-ai/dsh-agent-preset-registry':
        specifier: 0.1.7-alpha.2
        version: 0.1.7-alpha.2(901fcadd5a12cc70bdc3542871297aa4)
      '@deepseek-ai/dsh-commands':
        specifier: 0.1.7-alpha.2
        version: 0.1.7-alpha.2(@deepseek-ai/cordis@4.0.1)(@deepseek-ai/dsh-agent@0.1.7-alpha.2(b35fb659967b07125f84a5a41bf0e934))(@deepseek-ai/dsh-attachment@0.1.7-alpha.2(@deepseek-ai/cordis@4.0.1)(@deepseek-ai/dsh-brand@0.1.7-alpha.2(@deepseek-ai/cordis@4.0.1)))(@deepseek-ai/dsh-brand@0.1.7-alpha.2(@deepseek-ai/cordis@4.0.1))(@deepseek-ai/dsh-invariants@0.1.7-alpha.2(@deepseek-ai/cordis@4.0.1))(@deepseek-ai/dsh-llm@0.1.7-alpha.2(@deepseek-ai/cordis@4.0.1))(@deepseek-ai/dsh-scope@0.1.7-alpha.2(@deepseek-ai/cordis@4.0.1)(@deepseek-ai/dsh-invariants@0.1.7-alpha.2(@deepseek-ai/cordis@4.0.1)))(@deepseek-ai/dsh-session@0.1.7-alpha.2(@deepseek-ai/cordis@4.0.1)(@deepseek-ai/dsh-scope@0.1.7-alpha.2(@deepseek-ai/cordis@4.0.1)(@deepseek-ai/dsh-invariants@0.1.7-alpha.2(@deepseek-ai/cordis@4.0.1))))(@deepseek-ai/dsh-typert-protocol@0.1.7-alpha.2(@deepseek-ai/cordis@4.0.1))
      '@deepseek-ai/dsh-llm':
        specifier: 0.1.7-alpha.2
        version: 0.1.7-alpha.2(@deepseek-ai/cordis@4.0.1)
      '@deepseek-ai/dsh-subagent':
        specifier: 0.1.7-alpha.2
        version: 0.1.7-alpha.2(2be3efcd2ea3562237e6a9e3c3eee4b9)
      '@deepseek-ai/dsh-system-prompt':
        specifier: 0.1.7-alpha.2
        version: 0.1.7-alpha.2(@deepseek-ai/cordis@4.0.1)(@deepseek-ai/dsh-invariants@0.1.7-alpha.2(@deepseek-ai/cordis@4.0.1))(@deepseek-ai/dsh-llm@0.1.7-alpha.2(@deepseek-ai/cordis@4.0.1))(@deepseek-ai/dsh-scope@0.1.7-alpha.2(@deepseek-ai/cordis@4.0.1)(@deepseek-ai/dsh-invariants@0.1.7-alpha.2(@deepseek-ai/cordis@4.0.1)))
      '@deepseek-ai/dsh-tools':
        specifier: 0.1.7-alpha.2
        version: 0.1.7-alpha.2(ed355b4bc239c9edc1dc9867994785dd)
      '@types/node':
        specifier: ^22.0.0
        version: 22.20.1
      typescript:
        specifier: ^5.6.0
        version: 5.9.3

  packages/hivemind:
    dependencies:
      '@deepseek-ai/schemastery':
        specifier: 3.18.2
        version: 3.18.2
    devDependencies:
      '@deepseek-ai/cordis':
        specifier: ^4.0.1
        version: 4.0.1(@deepseek-ai/cordis-plugin-include@1.0.7)(@deepseek-ai/cordis-plugin-loader@1.0.5)
      '@deepseek-ai/dsh-llm':
        specifier: 0.1.7-alpha.2
        version: 0.1.7-alpha.2(@deepseek-ai/cordis@4.0.1)
      '@deepseek-ai/dsh-tools':
        specifier: 0.1.7-alpha.2
        version: 0.1.7-alpha.2(ed355b4bc239c9edc1dc9867994785dd)
      '@types/node':
        specifier: ^22.0.0
        version: 22.20.1
      typescript:
        specifier: ^5.6.0
        version: 5.9.3

  packages/painpoints:
    dependencies:
      '@deepseek-ai/schemastery':
        specifier: 3.18.2
        version: 3.18.2
    devDependencies:
      '@deepseek-ai/cordis':
        specifier: ^4.0.1
        version: 4.0.1(@deepseek-ai/cordis-plugin-include@1.0.7)(@deepseek-ai/cordis-plugin-loader@1.0.5)
      '@deepseek-ai/dsh-llm':
        specifier: 0.1.7-alpha.2
        version: 0.1.7-alpha.2(@deepseek-ai/cordis@4.0.1)
      '@deepseek-ai/dsh-tools':
        specifier: 0.1.7-alpha.2
        version: 0.1.7-alpha.2(ed355b4bc239c9edc1dc9867994785dd)
      '@types/node':
        specifier: ^22.0.0
        version: 22.20.1
      typescript:
        specifier: ^5.6.0
        version: 5.9.3

  packages/provider-usage: {}

  packages/tools:
    dependencies:
      '@hive/dsh-board':
        specifier: workspace:*
        version: link:../board
      '@hive/dsh-dream-archive':
        specifier: workspace:*
        version: link:../dream-archive
      '@hive/dsh-painpoints':
        specifier: workspace:*
        version: link:../painpoints
    devDependencies:
      '@deepseek-ai/cordis':
        specifier: ^4.0.1
        version: 4.0.1(@deepseek-ai/cordis-plugin-include@1.0.7)(@deepseek-ai/cordis-plugin-loader@1.0.5)
      '@deepseek-ai/dsh-llm':
        specifier: 0.1.7-alpha.2
        version: 0.1.7-alpha.2(@deepseek-ai/cordis@4.0.1)
      '@deepseek-ai/dsh-tools':
        specifier: 0.1.7-alpha.2
        version: 0.1.7-alpha.2(ed355b4bc239c9edc1dc9867994785dd)
      '@types/node':
        specifier: ^22.0.0
        version: 22.20.1
      typescript:
        specifier: ^5.6.0
        version: 5.9.3

packages:

  '@deepseek-ai/cordis-plugin-include@1.0.7':
    resolution: {integrity: sha512-bZ4S1YuOmwOeE97HnslQ6ggVQbaWz4GejJ8OcY4P/DIyc1Qhu/3Szt1XSw6c/pd37kRkxxJXGwt4cmCxWSBBuw==}
    peerDependencies:
      '@deepseek-ai/cordis': ^4.0.2
      '@deepseek-ai/cordis-plugin-loader': ^1.0.3

  '@deepseek-ai/cordis-plugin-loader@1.0.5':
    resolution: {integrity: sha512-200huL2ttWcjyeYllvPYn+qMR7I89qy8MhZasbHltPzB/KMrSfsyoCYKdCGc5KqPGj5iJugcmibQzjINMO9I+Q==}
    peerDependencies:
      '@deepseek-ai/cordis': ~4.0.4
      node-addon-require-builtin: ^0.1.6
    peerDependenciesMeta:
      node-addon-require-builtin:
        optional: true

  '@deepseek-ai/cordis@4.0.1':
    resolution: {integrity: sha512-YBdskTU2Po1kru3GgcUWUbkTsPMA9LkSQDAY8rBkFJeajdgcQad3QPJZE26JyK99Xb6HaASvoXg2DSUTeN/0Nw==}
    hasBin: true
    peerDependencies:
      '@deepseek-ai/cordis-plugin-include': ^1.0.6
      '@deepseek-ai/cordis-plugin-loader': ^1.0.2
    peerDependenciesMeta:
      '@deepseek-ai/cordis-plugin-include':
        optional: true
      '@deepseek-ai/cordis-plugin-loader':
        optional: true

  '@deepseek-ai/cosmokit@1.8.2':
    resolution: {integrity: sha512-muBOKtSrUKU5m/xpq8ZXWL6hQ/jgd4PhU2PqH97bcxIiLEJfNwZOGQEx4t/aS/GgxRAR+ra9pMHPMtTHU4sqqA==}

  '@deepseek-ai/cosmokit@1.8.5':
    resolution: {integrity: sha512-LXsrlem9z8dq4sLflj2yuCuYX7KqhdzF5hZly3eZyuTo8d6oDSOXuEgC5DbQWKW+lksm6zmOutQLsP/ma6wR6A==}

  '@deepseek-ai/dsh-agent-preset-registry@0.1.7-alpha.2':
    resolution: {integrity: sha512-DWjoAPqKy/GTvBKR/3wGxUwgIF0WhR2SFbTwPoJAyQpVJCaPG4wmEknqccosGFiJBJfgfFOEE1h8oL0i4FbwRw==}
    peerDependencies:
      '@deepseek-ai/cordis': ~4.0.4
      '@deepseek-ai/cordis-plugin-loader': ~1.0.5
      '@deepseek-ai/dsh-agent': 0.1.7-alpha.2
      '@deepseek-ai/dsh-invariants': 0.1.7-alpha.2
      '@deepseek-ai/dsh-scope': 0.1.7-alpha.2
      '@deepseek-ai/dsh-session': 0.1.7-alpha.2
      '@deepseek-ai/dsh-session-projection': 0.1.7-alpha.2
      '@deepseek-ai/dsh-settings': 0.1.7-alpha.2
      '@deepseek-ai/dsh-system-prompt': 0.1.7-alpha.2
      '@deepseek-ai/dsh-tools': 0.1.7-alpha.2
      '@deepseek-ai/dsh-typert-protocol': 0.1.7-alpha.2

  '@deepseek-ai/dsh-agent@0.1.7-alpha.2':
    resolution: {integrity: sha512-jneRq1DJJTaQ6WrWQRuSPF7JoW22tAigzWkwfDXnI40vk6znhbe+Qsyb6w6+Yy6TueQ0FHtkx04POWABJoiW8w==}
    peerDependencies:
      '@deepseek-ai/cordis': ~4.0.4
      '@deepseek-ai/dsh-invariants': 0.1.7-alpha.2
      '@deepseek-ai/dsh-llm': 0.1.7-alpha.2
      '@deepseek-ai/dsh-scope': 0.1.7-alpha.2
      '@deepseek-ai/dsh-session': 0.1.7-alpha.2
      '@deepseek-ai/dsh-session-projection': 0.1.7-alpha.2
      '@deepseek-ai/dsh-system-prompt': 0.1.7-alpha.2
      '@deepseek-ai/dsh-typert-protocol': 0.1.7-alpha.2
      '@deepseek-ai/dsh-util-values': 0.1.7-alpha.2
      '@deepseek-ai/dsh-workspace': 0.1.7-alpha.2
    peerDependenciesMeta:
      '@deepseek-ai/dsh-workspace':
        optional: true

  '@deepseek-ai/dsh-attachment@0.1.7-alpha.2':
    resolution: {integrity: sha512-LBVgW6j5spzXbGRpO3FS8/jABoA+2v8YCsOawxrLyEc7jNgIvMpdMVbbjFf0G4tu/GAHNerVh4KFTC/7TNxosQ==}
    peerDependencies:
      '@deepseek-ai/cordis': ~4.0.4
      '@deepseek-ai/dsh-brand': 0.1.7-alpha.2

  '@deepseek-ai/dsh-brand@0.1.7-alpha.2':
    resolution: {integrity: sha512-0WLvVtzqj1c/lb4ZXCVn8wLETITswq4FOQlDW4F99844DsS/oEVpx15yZYSsTKCR24OMH2WQGNikSqRPEcpa1A==}
    peerDependencies:
      '@deepseek-ai/cordis': ~4.0.4

  '@deepseek-ai/dsh-chunked-list@0.1.7-alpha.2':
    resolution: {integrity: sha512-s9V/t+9fPxQObTZR5MCzdBxWV4KuddVs0TGmMDa3DppQw6XINSgZq14WJuO3MMOXIkBbseHruytqEFPYka5XUw==}
    peerDependencies:
      '@deepseek-ai/cordis': ~4.0.4

  '@deepseek-ai/dsh-commands@0.1.7-alpha.2':
    resolution: {integrity: sha512-EKc+zK0k4jIk9XzOvl60l3NhUU416gqdw4SnRDuzsHzUB3sUWXPKvCtNXA8T+crjK3bgpw9Omk9iouHSwAP+fQ==}
    peerDependencies:
      '@deepseek-ai/cordis': ~4.0.4
      '@deepseek-ai/dsh-agent': 0.1.7-alpha.2
      '@deepseek-ai/dsh-attachment': 0.1.7-alpha.2
      '@deepseek-ai/dsh-brand': 0.1.7-alpha.2
      '@deepseek-ai/dsh-invariants': 0.1.7-alpha.2
      '@deepseek-ai/dsh-llm': 0.1.7-alpha.2
      '@deepseek-ai/dsh-scope': 0.1.7-alpha.2
      '@deepseek-ai/dsh-session': 0.1.7-alpha.2
      '@deepseek-ai/dsh-typert-protocol': 0.1.7-alpha.2

  '@deepseek-ai/dsh-invariants@0.1.7-alpha.2':
    resolution: {integrity: sha512-+HEU34B5JM0mL8ucID1TWAPJG5SWpI7pI+Tvey55tz3eUuzkQ4TxluzkWqGBVQUwXSNBHlvfR5h/5DgXSrZwgg==}
    peerDependencies:
      '@deepseek-ai/cordis': ~4.0.4

  '@deepseek-ai/dsh-llm@0.1.7-alpha.2':
    resolution: {integrity: sha512-pCYCDTbxFYCLwnhwJqau4SiQ7pv31Zfzk3IfIia87832Rzh6lPMGGgm4h5OSfJo0c/AxqChDhPrHsOvQ1sj67w==}
    peerDependencies:
      '@deepseek-ai/cordis': ~4.0.4

  '@deepseek-ai/dsh-ptc-runtime@0.1.7-alpha.2':
    resolution: {integrity: sha512-/CKUgBrGZSI4gTEunwfyH1WA7AgDrXHAvk0O21t5OabCSsey0C0HEVjO6Ax+8pFPCWjR6gDS9TcQSr8aohuw4g==}
    peerDependencies:
      '@deepseek-ai/cordis': ~4.0.4
      '@deepseek-ai/dsh-sandbox': 0.1.7-alpha.2

  '@deepseek-ai/dsh-sandbox-policy@0.1.7-alpha.2':
    resolution: {integrity: sha512-nQ+SAyxNA3RJawURgdIJ2csJpV9o0DUNilnQXWZGW7ZlKKqkF5o9ZOJLW1oVVPNwYQeIGUC0d1PC6Dgs9d6hBw==}
    peerDependencies:
      '@deepseek-ai/cordis': ~4.0.4
      '@deepseek-ai/dsh-agent': 0.1.7-alpha.2
      '@deepseek-ai/dsh-invariants': 0.1.7-alpha.2
      '@deepseek-ai/dsh-sandbox': 0.1.7-alpha.2
      '@deepseek-ai/dsh-session': 0.1.7-alpha.2
      '@deepseek-ai/dsh-session-projection': 0.1.7-alpha.2
      '@deepseek-ai/dsh-system-prompt': 0.1.7-alpha.2

  '@deepseek-ai/dsh-sandbox@0.1.7-alpha.2':
    resolution: {integrity: sha512-XlehMVQ70joCcFROkfbRPk+6OAefihyCcG5KeEvVEyj49KgmiUtsANa4x9cohi2LwegeCneLhWDdFOCbWc+4TA==}
    peerDependencies:
      '@deepseek-ai/cordis': ~4.0.4
      '@deepseek-ai/dsh-llm': 0.1.7-alpha.2
      '@deepseek-ai/dsh-session': 0.1.7-alpha.2

  '@deepseek-ai/dsh-scope@0.1.7-alpha.2':
    resolution: {integrity: sha512-cy79bwqucm4hNB4QG5TIrRD4IiRD9GiTLViDSQR7HVf7AhJN/ligIgBhviOiCoJYkzp5Bi79acR1L6raDgEY4A==}
    peerDependencies:
      '@deepseek-ai/cordis': ~4.0.4
      '@deepseek-ai/dsh-invariants': 0.1.7-alpha.2

  '@deepseek-ai/dsh-session-projection@0.1.7-alpha.2':
    resolution: {integrity: sha512-s3h3wUBF7ggVUiIeJtheY/GuBD5v6rtdbNP8R9SJlkaunes8p15THXy1ID5ar6yXCKcGWLI9bIGA+cjkyMag1w==}
    peerDependencies:
      '@deepseek-ai/cordis': ~4.0.4
      '@deepseek-ai/dsh-session': 0.1.7-alpha.2

  '@deepseek-ai/dsh-session@0.1.7-alpha.2':
    resolution: {integrity: sha512-0rRPX8JS4OLhAp2lF92UJNbNhh6cUDNxUUMmQjqrVwP/1i42e7UyN9t2qo0/QZuEAdMmbbpYLlO/PJCifTtktg==}
    peerDependencies:
      '@deepseek-ai/cordis': ~4.0.4
      '@deepseek-ai/dsh-scope': 0.1.7-alpha.2

  '@deepseek-ai/dsh-skill@0.1.7-alpha.2':
    resolution: {integrity: sha512-jM6OOrtWZt/dpM3nAg26r+1YiQiYMDRmnt+5PvdccTHsbUNGykt0HWBf3j15lzUxPX9OBkEUurGB7ns2IEaDZw==}
    peerDependencies:
      '@deepseek-ai/cordis': ~4.0.4
      '@deepseek-ai/dsh-llm': 0.1.7-alpha.2
      '@deepseek-ai/dsh-scope': 0.1.7-alpha.2

  '@deepseek-ai/dsh-subagent@0.1.7-alpha.2':
    resolution: {integrity: sha512-X+u7kKuwWzrVfJhB5wuvlRVxPgqJ00zhnhAGuyfdEZhwL8rHXIeWIItQmmKNSQUt/oF08DZT/PnxdtVs803iMQ==}
    peerDependencies:
      '@deepseek-ai/cordis': ~4.0.4
      '@deepseek-ai/dsh-agent': 0.1.7-alpha.2
      '@deepseek-ai/dsh-agent-preset-registry': 0.1.7-alpha.2
      '@deepseek-ai/dsh-attachment': 0.1.7-alpha.2
      '@deepseek-ai/dsh-invariants': 0.1.7-alpha.2
      '@deepseek-ai/dsh-jobs': 0.1.7-alpha.2
      '@deepseek-ai/dsh-llm': 0.1.7-alpha.2
      '@deepseek-ai/dsh-permission-presets': 0.1.7-alpha.2
      '@deepseek-ai/dsh-sandbox': 0.1.7-alpha.2
      '@deepseek-ai/dsh-sandbox-policy': 0.1.7-alpha.2
      '@deepseek-ai/dsh-scope': 0.1.7-alpha.2
      '@deepseek-ai/dsh-session': 0.1.7-alpha.2
      '@deepseek-ai/dsh-session-persistence': 0.1.7-alpha.2
      '@deepseek-ai/dsh-session-projection': 0.1.7-alpha.2
      '@deepseek-ai/dsh-session-projection-cache': 0.1.7-alpha.2
      '@deepseek-ai/dsh-session-query': 0.1.7-alpha.2
      '@deepseek-ai/dsh-settings': '*'
      '@deepseek-ai/dsh-system-prompt': 0.1.7-alpha.2
      '@deepseek-ai/dsh-tools': 0.1.7-alpha.2
      '@deepseek-ai/dsh-typert-protocol': 0.1.7-alpha.2
      '@deepseek-ai/dsh-user-approval': 0.1.7-alpha.2
      '@deepseek-ai/dsh-util-time': 0.1.7-alpha.2
      '@deepseek-ai/dsh-workspace': 0.1.7-alpha.2
    peerDependenciesMeta:
      '@deepseek-ai/dsh-agent-preset-registry':
        optional: true
      '@deepseek-ai/dsh-jobs':
        optional: true
      '@deepseek-ai/dsh-permission-presets':
        optional: true
      '@deepseek-ai/dsh-sandbox':
        optional: true
      '@deepseek-ai/dsh-sandbox-policy':
        optional: true
      '@deepseek-ai/dsh-session-persistence':
        optional: true
      '@deepseek-ai/dsh-session-projection':
        optional: true
      '@deepseek-ai/dsh-session-projection-cache':
        optional: true
      '@deepseek-ai/dsh-session-query':
        optional: true
      '@deepseek-ai/dsh-settings':
        optional: true
      '@deepseek-ai/dsh-user-approval':
        optional: true
      '@deepseek-ai/dsh-workspace':
        optional: true

  '@deepseek-ai/dsh-system-prompt@0.1.7-alpha.2':
    resolution: {integrity: sha512-f+uOC3k7F3iJJPgZODMRw+Lid6/H77G5/4qcmtNgssAWqoAqw9w9fZyH4e6bQCuDdOE/OHQb7O7i2YQlBU03pg==}
    peerDependencies:
      '@deepseek-ai/cordis': ~4.0.4
      '@deepseek-ai/dsh-invariants': 0.1.7-alpha.2
      '@deepseek-ai/dsh-llm': 0.1.7-alpha.2
      '@deepseek-ai/dsh-scope': 0.1.7-alpha.2

  '@deepseek-ai/dsh-timeout@0.1.7-alpha.2':
    resolution: {integrity: sha512-NB5PR6hwGVCns9uUpz5iou0dBcqzsj87h0b2ZpvyFRhDRP2VhItXhFDzQC/i0oN3ZvM6cjlY12rJ49NxS19kmg==}
    peerDependencies:
      '@deepseek-ai/cordis': ~4.0.4

  '@deepseek-ai/dsh-tools@0.1.7-alpha.2':
    resolution: {integrity: sha512-efOdTGEryI1uMSTDA6FdR1wu/w62TxHc7mE64IoljE2KFYKoJ/C3T2+KAtzON9P3jB2nM/VmlVhk5D5R3A/4wQ==}
    peerDependencies:
      '@deepseek-ai/cordis': ~4.0.4
      '@deepseek-ai/dsh-agent': 0.1.7-alpha.2
      '@deepseek-ai/dsh-invariants': 0.1.7-alpha.2
      '@deepseek-ai/dsh-llm': 0.1.7-alpha.2
      '@deepseek-ai/dsh-ptc-runtime': 0.1.7-alpha.2
      '@deepseek-ai/dsh-sandbox': 0.1.7-alpha.2
      '@deepseek-ai/dsh-sandbox-policy': 0.1.7-alpha.2
      '@deepseek-ai/dsh-scope': 0.1.7-alpha.2
      '@deepseek-ai/dsh-session': 0.1.7-alpha.2
      '@deepseek-ai/dsh-system-prompt': 0.1.7-alpha.2
      '@deepseek-ai/dsh-user-approval': 0.1.7-alpha.2

  '@deepseek-ai/dsh-typert-protocol@0.1.7-alpha.2':
    resolution: {integrity: sha512-oaE3R5G+o2JFFxBo4koTP85TkIi2LiHhbCyglBIucPlhkTDbxfMhEyV2HfjcokSj7iFjQx+D3byMIOsQMF5RFw==}
    peerDependencies:
      '@deepseek-ai/cordis': ~4.0.4

  '@deepseek-ai/dsh-user-approval@0.1.7-alpha.2':
    resolution: {integrity: sha512-hat31SSYu6pw15j10lsG1tJD1cTN2i9FuYUthQkKevJ3oyM6g+7uHOlCZ6ioH8Bp2znaHuxIbjo/my985hjTuQ==}
    peerDependencies:
      '@deepseek-ai/cordis': ~4.0.4
      '@deepseek-ai/dsh-agent': 0.1.7-alpha.2
      '@deepseek-ai/dsh-brand': 0.1.7-alpha.2
      '@deepseek-ai/dsh-invariants': 0.1.7-alpha.2
      '@deepseek-ai/dsh-llm': 0.1.7-alpha.2
      '@deepseek-ai/dsh-scope': 0.1.7-alpha.2
      '@deepseek-ai/dsh-session': 0.1.7-alpha.2
      '@deepseek-ai/dsh-system-prompt': 0.1.7-alpha.2

  '@deepseek-ai/dsh-util-crypto@0.1.7-alpha.2':
    resolution: {integrity: sha512-vWku6bDu51rAqx0g12j9xh0S6FCSUYl6Lnb1seCVncz7jgCU6R8VA6b8WI8WQE0+wkrdRPbfhnKMF+9EsGTtUg==}
    peerDependencies:
      '@deepseek-ai/cordis': ~4.0.4

  '@deepseek-ai/dsh-util-time@0.1.7-alpha.2':
    resolution: {integrity: sha512-g6IZLkftZV15fvFeRxqnBUeKtJZnjxTVBmtcLEiGuF87Kk2+RtxqGK8cO3eBxwIjTfjseZ0Tk0yXZ0rIfBl7HA==}
    peerDependencies:
      '@deepseek-ai/cordis': ~4.0.4

  '@deepseek-ai/dsh-util-values@0.1.7-alpha.2':
    resolution: {integrity: sha512-6nuFmklLPCLLvM6WV1hUOZkG2JLKaYktaSBFGIe//DkCwagyq2EiU4Yz8uUa6oWyhXmo0TQ9YcRuPAkWmn+m9Q==}
    peerDependencies:
      '@deepseek-ai/cordis': ~4.0.4

  '@deepseek-ai/schemastery@3.18.2':
    resolution: {integrity: sha512-njDtZsznjYxok7KLLlHOPyuv2efdWVbSflAHgztSfbMsg+CVraEoRe2DjOCgClYv3ZCSm7WXoaUkbB/+RY7tWQ==}

  '@standard-schema/spec@1.1.0':
    resolution: {integrity: sha512-l2aFy5jALhniG5HgqrD6jXLi/rUWrKvqN/qJx6yoJsgKhblVd+iqqU4RCXavm/jPityDo5TCvKMnpjKnOriy0w==}

  '@types/node@22.20.1':
    resolution: {integrity: sha512-EANqOCF9QFyra+4pfxUcX9STKJpCLjMbObVzljIJomAWSnuSIEAvyzEU53GaajbXJEgdh0iEcPL+DGvpUd4k1Q==}

  argparse@2.0.1:
    resolution: {integrity: sha512-8+9WqebbFzpX9OR+Wa6O29asIogeRMzcGtAINdpMHHyAg10f05aSFVBbcEqGf/PXw1EjAZ+q2/bEBg3DvurK3Q==}

  js-yaml@4.3.2:
    resolution: {integrity: sha512-SFNOvSJ+Dgf/9An904Yx+CgSlIPCkIpao4qo51lpee25TIRejdH3rhR4EZMGoNx3/TP3O+wzWuiTFl4sqbltzA==}
    hasBin: true

  typescript@5.9.3:
    resolution: {integrity: sha512-jl1vZzPDinLr9eUt3J/t7V6FgNEw9QjvBPdysz9KfQDD41fQrC2Y4vKQdiaUpFT4bXlb1RHhLpp8wtm6M5TgSw==}
    engines: {node: '>=14.17'}
    hasBin: true

  undici-types@6.21.0:
    resolution: {integrity: sha512-iwDZqg0QAGrg9Rav5H4n0M64c3mkR59cJ6wQp+7C4nI0gsmExaedaYLNO44eT4AtBBwjbTiGPMlt2Md0T9H9JQ==}

  zod@4.5.1:
    resolution: {integrity: sha512-P3GqeAEOEDqKvafVGLezbg+39YW/ze4xrD4qdS0adOY8eoI3zfjv1PQM4UwQzgT8mZKXEbqtVt8K+ZKGqkMFKg==}

snapshots:

  '@deepseek-ai/cordis-plugin-include@1.0.7(@deepseek-ai/cordis-plugin-loader@1.0.5)(@deepseek-ai/cordis@4.0.1)':
    dependencies:
      '@deepseek-ai/cordis': 4.0.1(@deepseek-ai/cordis-plugin-include@1.0.7)(@deepseek-ai/cordis-plugin-loader@1.0.5)
      '@deepseek-ai/cordis-plugin-loader': 1.0.5(@deepseek-ai/cordis@4.0.1)
      '@deepseek-ai/cosmokit': 1.8.5
      js-yaml: 4.3.2
    optional: true

  '@deepseek-ai/cordis-plugin-loader@1.0.5(@deepseek-ai/cordis@4.0.1)':
    dependencies:
      '@deepseek-ai/cordis': 4.0.1(@deepseek-ai/cordis-plugin-include@1.0.7)(@deepseek-ai/cordis-plugin-loader@1.0.5)
      '@deepseek-ai/cosmokit': 1.8.5
      '@deepseek-ai/schemastery': 3.18.2

  '@deepseek-ai/cordis@4.0.1(@deepseek-ai/cordis-plugin-include@1.0.7)(@deepseek-ai/cordis-plugin-loader@1.0.5)':
    dependencies:
      '@deepseek-ai/cosmokit': 1.8.2
      '@standard-schema/spec': 1.1.0
    optionalDependencies:
      '@deepseek-ai/cordis-plugin-include': 1.0.7(@deepseek-ai/cordis-plugin-loader@1.0.5)(@deepseek-ai/cordis@4.0.1)
      '@deepseek-ai/cordis-plugin-loader': 1.0.5(@deepseek-ai/cordis@4.0.1)

  '@deepseek-ai/cosmokit@1.8.2': {}

  '@deepseek-ai/cosmokit@1.8.5': {}

  '@deepseek-ai/dsh-agent-preset-registry@0.1.7-alpha.2(901fcadd5a12cc70bdc3542871297aa4)':
    dependencies:
      '@deepseek-ai/cordis': 4.0.1(@deepseek-ai/cordis-plugin-include@1.0.7)(@deepseek-ai/cordis-plugin-loader@1.0.5)
      '@deepseek-ai/cordis-plugin-loader': 1.0.5(@deepseek-ai/cordis@4.0.1)
      '@deepseek-ai/dsh-agent': 0.1.7-alpha.2(b35fb659967b07125f84a5a41bf0e934)
      '@deepseek-ai/dsh-invariants': 0.1.7-alpha.2(@deepseek-ai/cordis@4.0.1)
      '@deepseek-ai/dsh-scope': 0.1.7-alpha.2(@deepseek-ai/cordis@4.0.1)(@deepseek-ai/dsh-invariants@0.1.7-alpha.2(@deepseek-ai/cordis@4.0.1))
      '@deepseek-ai/dsh-session': 0.1.7-alpha.2(@deepseek-ai/cordis@4.0.1)(@deepseek-ai/dsh-scope@0.1.7-alpha.2(@deepseek-ai/cordis@4.0.1)(@deepseek-ai/dsh-invariants@0.1.7-alpha.2(@deepseek-ai/cordis@4.0.1)))
      '@deepseek-ai/dsh-session-projection': 0.1.7-alpha.2(@deepseek-ai/cordis@4.0.1)(@deepseek-ai/dsh-session@0.1.7-alpha.2(@deepseek-ai/cordis@4.0.1)(@deepseek-ai/dsh-scope@0.1.7-alpha.2(@deepseek-ai/cordis@4.0.1)(@deepseek-ai/dsh-invariants@0.1.7-alpha.2(@deepseek-ai/cordis@4.0.1))))
      '@deepseek-ai/dsh-system-prompt': 0.1.7-alpha.2(@deepseek-ai/cordis@4.0.1)(@deepseek-ai/dsh-invariants@0.1.7-alpha.2(@deepseek-ai/cordis@4.0.1))(@deepseek-ai/dsh-llm@0.1.7-alpha.2(@deepseek-ai/cordis@4.0.1))(@deepseek-ai/dsh-scope@0.1.7-alpha.2(@deepseek-ai/cordis@4.0.1)(@deepseek-ai/dsh-invariants@0.1.7-alpha.2(@deepseek-ai/cordis@4.0.1)))
      '@deepseek-ai/dsh-tools': 0.1.7-alpha.2(ed355b4bc239c9edc1dc9867994785dd)
      '@deepseek-ai/dsh-typert-protocol': 0.1.7-alpha.2(@deepseek-ai/cordis@4.0.1)
      '@deepseek-ai/schemastery': 3.18.2
      zod: 4.5.1

  '@deepseek-ai/dsh-agent@0.1.7-alpha.2(b35fb659967b07125f84a5a41bf0e934)':
    dependencies:
      '@deepseek-ai/cordis': 4.0.1(@deepseek-ai/cordis-plugin-include@1.0.7)(@deepseek-ai/cordis-plugin-loader@1.0.5)
      '@deepseek-ai/dsh-invariants': 0.1.7-alpha.2(@deepseek-ai/cordis@4.0.1)
      '@deepseek-ai/dsh-llm': 0.1.7-alpha.2(@deepseek-ai/cordis@4.0.1)
      '@deepseek-ai/dsh-scope': 0.1.7-alpha.2(@deepseek-ai/cordis@4.0.1)(@deepseek-ai/dsh-invariants@0.1.7-alpha.2(@deepseek-ai/cordis@4.0.1))
      '@deepseek-ai/dsh-session': 0.1.7-alpha.2(@deepseek-ai/cordis@4.0.1)(@deepseek-ai/dsh-scope@0.1.7-alpha.2(@deepseek-ai/cordis@4.0.1)(@deepseek-ai/dsh-invariants@0.1.7-alpha.2(@deepseek-ai/cordis@4.0.1)))
      '@deepseek-ai/dsh-session-projection': 0.1.7-alpha.2(@deepseek-ai/cordis@4.0.1)(@deepseek-ai/dsh-session@0.1.7-alpha.2(@deepseek-ai/cordis@4.0.1)(@deepseek-ai/dsh-scope@0.1.7-alpha.2(@deepseek-ai/cordis@4.0.1)(@deepseek-ai/dsh-invariants@0.1.7-alpha.2(@deepseek-ai/cordis@4.0.1))))
      '@deepseek-ai/dsh-system-prompt': 0.1.7-alpha.2(@deepseek-ai/cordis@4.0.1)(@deepseek-ai/dsh-invariants@0.1.7-alpha.2(@deepseek-ai/cordis@4.0.1))(@deepseek-ai/dsh-llm@0.1.7-alpha.2(@deepseek-ai/cordis@4.0.1))(@deepseek-ai/dsh-scope@0.1.7-alpha.2(@deepseek-ai/cordis@4.0.1)(@deepseek-ai/dsh-invariants@0.1.7-alpha.2(@deepseek-ai/cordis@4.0.1)))
      '@deepseek-ai/dsh-typert-protocol': 0.1.7-alpha.2(@deepseek-ai/cordis@4.0.1)
      '@deepseek-ai/dsh-util-values': 0.1.7-alpha.2(@deepseek-ai/cordis@4.0.1)

  '@deepseek-ai/dsh-attachment@0.1.7-alpha.2(@deepseek-ai/cordis@4.0.1)(@deepseek-ai/dsh-brand@0.1.7-alpha.2(@deepseek-ai/cordis@4.0.1))':
    dependencies:
      '@deepseek-ai/cordis': 4.0.1(@deepseek-ai/cordis-plugin-include@1.0.7)(@deepseek-ai/cordis-plugin-loader@1.0.5)
      '@deepseek-ai/dsh-brand': 0.1.7-alpha.2(@deepseek-ai/cordis@4.0.1)

  '@deepseek-ai/dsh-brand@0.1.7-alpha.2(@deepseek-ai/cordis@4.0.1)':
    dependencies:
      '@deepseek-ai/cordis': 4.0.1(@deepseek-ai/cordis-plugin-include@1.0.7)(@deepseek-ai/cordis-plugin-loader@1.0.5)

  '@deepseek-ai/dsh-chunked-list@0.1.7-alpha.2(@deepseek-ai/cordis@4.0.1)':
    dependencies:
      '@deepseek-ai/cordis': 4.0.1(@deepseek-ai/cordis-plugin-include@1.0.7)(@deepseek-ai/cordis-plugin-loader@1.0.5)
      zod: 4.5.1

  '@deepseek-ai/dsh-commands@0.1.7-alpha.2(@deepseek-ai/cordis@4.0.1)(@deepseek-ai/dsh-agent@0.1.7-alpha.2(b35fb659967b07125f84a5a41bf0e934))(@deepseek-ai/dsh-attachment@0.1.7-alpha.2(@deepseek-ai/cordis@4.0.1)(@deepseek-ai/dsh-brand@0.1.7-alpha.2(@deepseek-ai/cordis@4.0.1)))(@deepseek-ai/dsh-brand@0.1.7-alpha.2(@deepseek-ai/cordis@4.0.1))(@deepseek-ai/dsh-invariants@0.1.7-alpha.2(@deepseek-ai/cordis@4.0.1))(@deepseek-ai/dsh-llm@0.1.7-alpha.2(@deepseek-ai/cordis@4.0.1))(@deepseek-ai/dsh-scope@0.1.7-alpha.2(@deepseek-ai/cordis@4.0.1)(@deepseek-ai/dsh-invariants@0.1.7-alpha.2(@deepseek-ai/cordis@4.0.1)))(@deepseek-ai/dsh-session@0.1.7-alpha.2(@deepseek-ai/cordis@4.0.1)(@deepseek-ai/dsh-scope@0.1.7-alpha.2(@deepseek-ai/cordis@4.0.1)(@deepseek-ai/dsh-invariants@0.1.7-alpha.2(@deepseek-ai/cordis@4.0.1))))(@deepseek-ai/dsh-typert-protocol@0.1.7-alpha.2(@deepseek-ai/cordis@4.0.1))':
    dependencies:
      '@deepseek-ai/cordis': 4.0.1(@deepseek-ai/cordis-plugin-include@1.0.7)(@deepseek-ai/cordis-plugin-loader@1.0.5)
      '@deepseek-ai/dsh-agent': 0.1.7-alpha.2(b35fb659967b07125f84a5a41bf0e934)
      '@deepseek-ai/dsh-attachment': 0.1.7-alpha.2(@deepseek-ai/cordis@4.0.1)(@deepseek-ai/dsh-brand@0.1.7-alpha.2(@deepseek-ai/cordis@4.0.1))
      '@deepseek-ai/dsh-brand': 0.1.7-alpha.2(@deepseek-ai/cordis@4.0.1)
      '@deepseek-ai/dsh-invariants': 0.1.7-alpha.2(@deepseek-ai/cordis@4.0.1)
      '@deepseek-ai/dsh-llm': 0.1.7-alpha.2(@deepseek-ai/cordis@4.0.1)
      '@deepseek-ai/dsh-scope': 0.1.7-alpha.2(@deepseek-ai/cordis@4.0.1)(@deepseek-ai/dsh-invariants@0.1.7-alpha.2(@deepseek-ai/cordis@4.0.1))
      '@deepseek-ai/dsh-session': 0.1.7-alpha.2(@deepseek-ai/cordis@4.0.1)(@deepseek-ai/dsh-scope@0.1.7-alpha.2(@deepseek-ai/cordis@4.0.1)(@deepseek-ai/dsh-invariants@0.1.7-alpha.2(@deepseek-ai/cordis@4.0.1)))
      '@deepseek-ai/dsh-typert-protocol': 0.1.7-alpha.2(@deepseek-ai/cordis@4.0.1)
      '@deepseek-ai/dsh-util-crypto': 0.1.7-alpha.2(@deepseek-ai/cordis@4.0.1)
      zod: 4.5.1

  '@deepseek-ai/dsh-invariants@0.1.7-alpha.2(@deepseek-ai/cordis@4.0.1)':
    dependencies:
      '@deepseek-ai/cordis': 4.0.1(@deepseek-ai/cordis-plugin-include@1.0.7)(@deepseek-ai/cordis-plugin-loader@1.0.5)
      '@deepseek-ai/schemastery': 3.18.2

  '@deepseek-ai/dsh-llm@0.1.7-alpha.2(@deepseek-ai/cordis@4.0.1)':
    dependencies:
      '@deepseek-ai/cordis': 4.0.1(@deepseek-ai/cordis-plugin-include@1.0.7)(@deepseek-ai/cordis-plugin-loader@1.0.5)
      '@deepseek-ai/dsh-brand': 0.1.7-alpha.2(@deepseek-ai/cordis@4.0.1)
      '@deepseek-ai/dsh-timeout': 0.1.7-alpha.2(@deepseek-ai/cordis@4.0.1)
      '@deepseek-ai/dsh-typert-protocol': 0.1.7-alpha.2(@deepseek-ai/cordis@4.0.1)
      '@deepseek-ai/dsh-util-crypto': 0.1.7-alpha.2(@deepseek-ai/cordis@4.0.1)
      '@deepseek-ai/dsh-util-values': 0.1.7-alpha.2(@deepseek-ai/cordis@4.0.1)
      '@deepseek-ai/schemastery': 3.18.2
      zod: 4.5.1

  '@deepseek-ai/dsh-ptc-runtime@0.1.7-alpha.2(@deepseek-ai/cordis@4.0.1)(@deepseek-ai/dsh-sandbox@0.1.7-alpha.2(@deepseek-ai/cordis@4.0.1)(@deepseek-ai/dsh-llm@0.1.7-alpha.2(@deepseek-ai/cordis@4.0.1))(@deepseek-ai/dsh-session@0.1.7-alpha.2(@deepseek-ai/cordis@4.0.1)(@deepseek-ai/dsh-scope@0.1.7-alpha.2(@deepseek-ai/cordis@4.0.1)(@deepseek-ai/dsh-invariants@0.1.7-alpha.2(@deepseek-ai/cordis@4.0.1)))))':
    dependencies:
      '@deepseek-ai/cordis': 4.0.1(@deepseek-ai/cordis-plugin-include@1.0.7)(@deepseek-ai/cordis-plugin-loader@1.0.5)
      '@deepseek-ai/dsh-sandbox': 0.1.7-alpha.2(@deepseek-ai/cordis@4.0.1)(@deepseek-ai/dsh-llm@0.1.7-alpha.2(@deepseek-ai/cordis@4.0.1))(@deepseek-ai/dsh-session@0.1.7-alpha.2(@deepseek-ai/cordis@4.0.1)(@deepseek-ai/dsh-scope@0.1.7-alpha.2(@deepseek-ai/cordis@4.0.1)(@deepseek-ai/dsh-invariants@0.1.7-alpha.2(@deepseek-ai/cordis@4.0.1))))

  '@deepseek-ai/dsh-sandbox-policy@0.1.7-alpha.2(882193ed4089c4123d8fd8636d12f1d6)':
    dependencies:
      '@deepseek-ai/cordis': 4.0.1(@deepseek-ai/cordis-plugin-include@1.0.7)(@deepseek-ai/cordis-plugin-loader@1.0.5)
      '@deepseek-ai/dsh-agent': 0.1.7-alpha.2(b35fb659967b07125f84a5a41bf0e934)
      '@deepseek-ai/dsh-invariants': 0.1.7-alpha.2(@deepseek-ai/cordis@4.0.1)
      '@deepseek-ai/dsh-sandbox': 0.1.7-alpha.2(@deepseek-ai/cordis@4.0.1)(@deepseek-ai/dsh-llm@0.1.7-alpha.2(@deepseek-ai/cordis@4.0.1))(@deepseek-ai/dsh-session@0.1.7-alpha.2(@deepseek-ai/cordis@4.0.1)(@deepseek-ai/dsh-scope@0.1.7-alpha.2(@deepseek-ai/cordis@4.0.1)(@deepseek-ai/dsh-invariants@0.1.7-alpha.2(@deepseek-ai/cordis@4.0.1))))
      '@deepseek-ai/dsh-session': 0.1.7-alpha.2(@deepseek-ai/cordis@4.0.1)(@deepseek-ai/dsh-scope@0.1.7-alpha.2(@deepseek-ai/cordis@4.0.1)(@deepseek-ai/dsh-invariants@0.1.7-alpha.2(@deepseek-ai/cordis@4.0.1)))
      '@deepseek-ai/dsh-session-projection': 0.1.7-alpha.2(@deepseek-ai/cordis@4.0.1)(@deepseek-ai/dsh-session@0.1.7-alpha.2(@deepseek-ai/cordis@4.0.1)(@deepseek-ai/dsh-scope@0.1.7-alpha.2(@deepseek-ai/cordis@4.0.1)(@deepseek-ai/dsh-invariants@0.1.7-alpha.2(@deepseek-ai/cordis@4.0.1))))
      '@deepseek-ai/dsh-system-prompt': 0.1.7-alpha.2(@deepseek-ai/cordis@4.0.1)(@deepseek-ai/dsh-invariants@0.1.7-alpha.2(@deepseek-ai/cordis@4.0.1))(@deepseek-ai/dsh-llm@0.1.7-alpha.2(@deepseek-ai/cordis@4.0.1))(@deepseek-ai/dsh-scope@0.1.7-alpha.2(@deepseek-ai/cordis@4.0.1)(@deepseek-ai/dsh-invariants@0.1.7-alpha.2(@deepseek-ai/cordis@4.0.1)))
      '@deepseek-ai/schemastery': 3.18.2
      zod: 4.5.1

  '@deepseek-ai/dsh-sandbox@0.1.7-alpha.2(@deepseek-ai/cordis@4.0.1)(@deepseek-ai/dsh-llm@0.1.7-alpha.2(@deepseek-ai/cordis@4.0.1))(@deepseek-ai/dsh-session@0.1.7-alpha.2(@deepseek-ai/cordis@4.0.1)(@deepseek-ai/dsh-scope@0.1.7-alpha.2(@deepseek-ai/cordis@4.0.1)(@deepseek-ai/dsh-invariants@0.1.7-alpha.2(@deepseek-ai/cordis@4.0.1))))':
    dependencies:
      '@deepseek-ai/cordis': 4.0.1(@deepseek-ai/cordis-plugin-include@1.0.7)(@deepseek-ai/cordis-plugin-loader@1.0.5)
      '@deepseek-ai/dsh-llm': 0.1.7-alpha.2(@deepseek-ai/cordis@4.0.1)
      '@deepseek-ai/dsh-session': 0.1.7-alpha.2(@deepseek-ai/cordis@4.0.1)(@deepseek-ai/dsh-scope@0.1.7-alpha.2(@deepseek-ai/cordis@4.0.1)(@deepseek-ai/dsh-invariants@0.1.7-alpha.2(@deepseek-ai/cordis@4.0.1)))
      '@deepseek-ai/dsh-util-values': 0.1.7-alpha.2(@deepseek-ai/cordis@4.0.1)

  '@deepseek-ai/dsh-scope@0.1.7-alpha.2(@deepseek-ai/cordis@4.0.1)(@deepseek-ai/dsh-invariants@0.1.7-alpha.2(@deepseek-ai/cordis@4.0.1))':
    dependencies:
      '@deepseek-ai/cordis': 4.0.1(@deepseek-ai/cordis-plugin-include@1.0.7)(@deepseek-ai/cordis-plugin-loader@1.0.5)
      '@deepseek-ai/dsh-invariants': 0.1.7-alpha.2(@deepseek-ai/cordis@4.0.1)

  '@deepseek-ai/dsh-session-projection@0.1.7-alpha.2(@deepseek-ai/cordis@4.0.1)(@deepseek-ai/dsh-session@0.1.7-alpha.2(@deepseek-ai/cordis@4.0.1)(@deepseek-ai/dsh-scope@0.1.7-alpha.2(@deepseek-ai/cordis@4.0.1)(@deepseek-ai/dsh-invariants@0.1.7-alpha.2(@deepseek-ai/cordis@4.0.1))))':
    dependencies:
      '@deepseek-ai/cordis': 4.0.1(@deepseek-ai/cordis-plugin-include@1.0.7)(@deepseek-ai/cordis-plugin-loader@1.0.5)
      '@deepseek-ai/dsh-session': 0.1.7-alpha.2(@deepseek-ai/cordis@4.0.1)(@deepseek-ai/dsh-scope@0.1.7-alpha.2(@deepseek-ai/cordis@4.0.1)(@deepseek-ai/dsh-invariants@0.1.7-alpha.2(@deepseek-ai/cordis@4.0.1)))
      zod: 4.5.1

  '@deepseek-ai/dsh-session@0.1.7-alpha.2(@deepseek-ai/cordis@4.0.1)(@deepseek-ai/dsh-scope@0.1.7-alpha.2(@deepseek-ai/cordis@4.0.1)(@deepseek-ai/dsh-invariants@0.1.7-alpha.2(@deepseek-ai/cordis@4.0.1)))':
    dependencies:
      '@deepseek-ai/cordis': 4.0.1(@deepseek-ai/cordis-plugin-include@1.0.7)(@deepseek-ai/cordis-plugin-loader@1.0.5)
      '@deepseek-ai/dsh-brand': 0.1.7-alpha.2(@deepseek-ai/cordis@4.0.1)
      '@deepseek-ai/dsh-llm': 0.1.7-alpha.2(@deepseek-ai/cordis@4.0.1)
      '@deepseek-ai/dsh-scope': 0.1.7-alpha.2(@deepseek-ai/cordis@4.0.1)(@deepseek-ai/dsh-invariants@0.1.7-alpha.2(@deepseek-ai/cordis@4.0.1))
      '@deepseek-ai/dsh-util-values': 0.1.7-alpha.2(@deepseek-ai/cordis@4.0.1)

  '@deepseek-ai/dsh-skill@0.1.7-alpha.2(@deepseek-ai/cordis@4.0.1)(@deepseek-ai/dsh-llm@0.1.7-alpha.2(@deepseek-ai/cordis@4.0.1))(@deepseek-ai/dsh-scope@0.1.7-alpha.2(@deepseek-ai/cordis@4.0.1)(@deepseek-ai/dsh-invariants@0.1.7-alpha.2(@deepseek-ai/cordis@4.0.1)))':
    dependencies:
      '@deepseek-ai/cordis': 4.0.1(@deepseek-ai/cordis-plugin-include@1.0.7)(@deepseek-ai/cordis-plugin-loader@1.0.5)
      '@deepseek-ai/dsh-llm': 0.1.7-alpha.2(@deepseek-ai/cordis@4.0.1)
      '@deepseek-ai/dsh-scope': 0.1.7-alpha.2(@deepseek-ai/cordis@4.0.1)(@deepseek-ai/dsh-invariants@0.1.7-alpha.2(@deepseek-ai/cordis@4.0.1))
      '@deepseek-ai/dsh-util-values': 0.1.7-alpha.2(@deepseek-ai/cordis@4.0.1)
      '@deepseek-ai/schemastery': 3.18.2

  '@deepseek-ai/dsh-subagent@0.1.7-alpha.2(2be3efcd2ea3562237e6a9e3c3eee4b9)':
    dependencies:
      '@deepseek-ai/cordis': 4.0.1(@deepseek-ai/cordis-plugin-include@1.0.7)(@deepseek-ai/cordis-plugin-loader@1.0.5)
      '@deepseek-ai/dsh-agent': 0.1.7-alpha.2(b35fb659967b07125f84a5a41bf0e934)
      '@deepseek-ai/dsh-attachment': 0.1.7-alpha.2(@deepseek-ai/cordis@4.0.1)(@deepseek-ai/dsh-brand@0.1.7-alpha.2(@deepseek-ai/cordis@4.0.1))
      '@deepseek-ai/dsh-brand': 0.1.7-alpha.2(@deepseek-ai/cordis@4.0.1)
      '@deepseek-ai/dsh-chunked-list': 0.1.7-alpha.2(@deepseek-ai/cordis@4.0.1)
      '@deepseek-ai/dsh-invariants': 0.1.7-alpha.2(@deepseek-ai/cordis@4.0.1)
      '@deepseek-ai/dsh-llm': 0.1.7-alpha.2(@deepseek-ai/cordis@4.0.1)
      '@deepseek-ai/dsh-scope': 0.1.7-alpha.2(@deepseek-ai/cordis@4.0.1)(@deepseek-ai/dsh-invariants@0.1.7-alpha.2(@deepseek-ai/cordis@4.0.1))
      '@deepseek-ai/dsh-session': 0.1.7-alpha.2(@deepseek-ai/cordis@4.0.1)(@deepseek-ai/dsh-scope@0.1.7-alpha.2(@deepseek-ai/cordis@4.0.1)(@deepseek-ai/dsh-invariants@0.1.7-alpha.2(@deepseek-ai/cordis@4.0.1)))
      '@deepseek-ai/dsh-system-prompt': 0.1.7-alpha.2(@deepseek-ai/cordis@4.0.1)(@deepseek-ai/dsh-invariants@0.1.7-alpha.2(@deepseek-ai/cordis@4.0.1))(@deepseek-ai/dsh-llm@0.1.7-alpha.2(@deepseek-ai/cordis@4.0.1))(@deepseek-ai/dsh-scope@0.1.7-alpha.2(@deepseek-ai/cordis@4.0.1)(@deepseek-ai/dsh-invariants@0.1.7-alpha.2(@deepseek-ai/cordis@4.0.1)))
      '@deepseek-ai/dsh-tools': 0.1.7-alpha.2(ed355b4bc239c9edc1dc9867994785dd)
      '@deepseek-ai/dsh-typert-protocol': 0.1.7-alpha.2(@deepseek-ai/cordis@4.0.1)
      '@deepseek-ai/dsh-util-time': 0.1.7-alpha.2(@deepseek-ai/cordis@4.0.1)
      '@deepseek-ai/dsh-util-values': 0.1.7-alpha.2(@deepseek-ai/cordis@4.0.1)
      '@deepseek-ai/schemastery': 3.18.2
      zod: 4.5.1
    optionalDependencies:
      '@deepseek-ai/dsh-agent-preset-registry': 0.1.7-alpha.2(901fcadd5a12cc70bdc3542871297aa4)
      '@deepseek-ai/dsh-sandbox': 0.1.7-alpha.2(@deepseek-ai/cordis@4.0.1)(@deepseek-ai/dsh-llm@0.1.7-alpha.2(@deepseek-ai/cordis@4.0.1))(@deepseek-ai/dsh-session@0.1.7-alpha.2(@deepseek-ai/cordis@4.0.1)(@deepseek-ai/dsh-scope@0.1.7-alpha.2(@deepseek-ai/cordis@4.0.1)(@deepseek-ai/dsh-invariants@0.1.7-alpha.2(@deepseek-ai/cordis@4.0.1))))
      '@deepseek-ai/dsh-sandbox-policy': 0.1.7-alpha.2(882193ed4089c4123d8fd8636d12f1d6)
      '@deepseek-ai/dsh-session-projection': 0.1.7-alpha.2(@deepseek-ai/cordis@4.0.1)(@deepseek-ai/dsh-session@0.1.7-alpha.2(@deepseek-ai/cordis@4.0.1)(@deepseek-ai/dsh-scope@0.1.7-alpha.2(@deepseek-ai/cordis@4.0.1)(@deepseek-ai/dsh-invariants@0.1.7-alpha.2(@deepseek-ai/cordis@4.0.1))))
      '@deepseek-ai/dsh-user-approval': 0.1.7-alpha.2(@deepseek-ai/cordis@4.0.1)(@deepseek-ai/dsh-agent@0.1.7-alpha.2(b35fb659967b07125f84a5a41bf0e934))(@deepseek-ai/dsh-brand@0.1.7-alpha.2(@deepseek-ai/cordis@4.0.1))(@deepseek-ai/dsh-invariants@0.1.7-alpha.2(@deepseek-ai/cordis@4.0.1))(@deepseek-ai/dsh-llm@0.1.7-alpha.2(@deepseek-ai/cordis@4.0.1))(@deepseek-ai/dsh-scope@0.1.7-alpha.2(@deepseek-ai/cordis@4.0.1)(@deepseek-ai/dsh-invariants@0.1.7-alpha.2(@deepseek-ai/cordis@4.0.1)))(@deepseek-ai/dsh-session@0.1.7-alpha.2(@deepseek-ai/cordis@4.0.1)(@deepseek-ai/dsh-scope@0.1.7-alpha.2(@deepseek-ai/cordis@4.0.1)(@deepseek-ai/dsh-invariants@0.1.7-alpha.2(@deepseek-ai/cordis@4.0.1))))(@deepseek-ai/dsh-system-prompt@0.1.7-alpha.2(@deepseek-ai/cordis@4.0.1)(@deepseek-ai/dsh-invariants@0.1.7-alpha.2(@deepseek-ai/cordis@4.0.1))(@deepseek-ai/dsh-llm@0.1.7-alpha.2(@deepseek-ai/cordis@4.0.1))(@deepseek-ai/dsh-scope@0.1.7-alpha.2(@deepseek-ai/cordis@4.0.1)(@deepseek-ai/dsh-invariants@0.1.7-alpha.2(@deepseek-ai/cordis@4.0.1))))

  '@deepseek-ai/dsh-system-prompt@0.1.7-alpha.2(@deepseek-ai/cordis@4.0.1)(@deepseek-ai/dsh-invariants@0.1.7-alpha.2(@deepseek-ai/cordis@4.0.1))(@deepseek-ai/dsh-llm@0.1.7-alpha.2(@deepseek-ai/cordis@4.0.1))(@deepseek-ai/dsh-scope@0.1.7-alpha.2(@deepseek-ai/cordis@4.0.1)(@deepseek-ai/dsh-invariants@0.1.7-alpha.2(@deepseek-ai/cordis@4.0.1)))':
    dependencies:
      '@deepseek-ai/cordis': 4.0.1(@deepseek-ai/cordis-plugin-include@1.0.7)(@deepseek-ai/cordis-plugin-loader@1.0.5)
      '@deepseek-ai/dsh-invariants': 0.1.7-alpha.2(@deepseek-ai/cordis@4.0.1)
      '@deepseek-ai/dsh-llm': 0.1.7-alpha.2(@deepseek-ai/cordis@4.0.1)
      '@deepseek-ai/dsh-scope': 0.1.7-alpha.2(@deepseek-ai/cordis@4.0.1)(@deepseek-ai/dsh-invariants@0.1.7-alpha.2(@deepseek-ai/cordis@4.0.1))
      '@deepseek-ai/schemastery': 3.18.2

  '@deepseek-ai/dsh-timeout@0.1.7-alpha.2(@deepseek-ai/cordis@4.0.1)':
    dependencies:
      '@deepseek-ai/cordis': 4.0.1(@deepseek-ai/cordis-plugin-include@1.0.7)(@deepseek-ai/cordis-plugin-loader@1.0.5)

  '@deepseek-ai/dsh-tools@0.1.7-alpha.2(ed355b4bc239c9edc1dc9867994785dd)':
    dependencies:
      '@deepseek-ai/cordis': 4.0.1(@deepseek-ai/cordis-plugin-include@1.0.7)(@deepseek-ai/cordis-plugin-loader@1.0.5)
      '@deepseek-ai/dsh-agent': 0.1.7-alpha.2(b35fb659967b07125f84a5a41bf0e934)
      '@deepseek-ai/dsh-brand': 0.1.7-alpha.2(@deepseek-ai/cordis@4.0.1)
      '@deepseek-ai/dsh-invariants': 0.1.7-alpha.2(@deepseek-ai/cordis@4.0.1)
      '@deepseek-ai/dsh-llm': 0.1.7-alpha.2(@deepseek-ai/cordis@4.0.1)
      '@deepseek-ai/dsh-ptc-runtime': 0.1.7-alpha.2(@deepseek-ai/cordis@4.0.1)(@deepseek-ai/dsh-sandbox@0.1.7-alpha.2(@deepseek-ai/cordis@4.0.1)(@deepseek-ai/dsh-llm@0.1.7-alpha.2(@deepseek-ai/cordis@4.0.1))(@deepseek-ai/dsh-session@0.1.7-alpha.2(@deepseek-ai/cordis@4.0.1)(@deepseek-ai/dsh-scope@0.1.7-alpha.2(@deepseek-ai/cordis@4.0.1)(@deepseek-ai/dsh-invariants@0.1.7-alpha.2(@deepseek-ai/cordis@4.0.1)))))
      '@deepseek-ai/dsh-sandbox': 0.1.7-alpha.2(@deepseek-ai/cordis@4.0.1)(@deepseek-ai/dsh-llm@0.1.7-alpha.2(@deepseek-ai/cordis@4.0.1))(@deepseek-ai/dsh-session@0.1.7-alpha.2(@deepseek-ai/cordis@4.0.1)(@deepseek-ai/dsh-scope@0.1.7-alpha.2(@deepseek-ai/cordis@4.0.1)(@deepseek-ai/dsh-invariants@0.1.7-alpha.2(@deepseek-ai/cordis@4.0.1))))
      '@deepseek-ai/dsh-sandbox-policy': 0.1.7-alpha.2(882193ed4089c4123d8fd8636d12f1d6)
      '@deepseek-ai/dsh-scope': 0.1.7-alpha.2(@deepseek-ai/cordis@4.0.1)(@deepseek-ai/dsh-invariants@0.1.7-alpha.2(@deepseek-ai/cordis@4.0.1))
      '@deepseek-ai/dsh-session': 0.1.7-alpha.2(@deepseek-ai/cordis@4.0.1)(@deepseek-ai/dsh-scope@0.1.7-alpha.2(@deepseek-ai/cordis@4.0.1)(@deepseek-ai/dsh-invariants@0.1.7-alpha.2(@deepseek-ai/cordis@4.0.1)))
      '@deepseek-ai/dsh-system-prompt': 0.1.7-alpha.2(@deepseek-ai/cordis@4.0.1)(@deepseek-ai/dsh-invariants@0.1.7-alpha.2(@deepseek-ai/cordis@4.0.1))(@deepseek-ai/dsh-llm@0.1.7-alpha.2(@deepseek-ai/cordis@4.0.1))(@deepseek-ai/dsh-scope@0.1.7-alpha.2(@deepseek-ai/cordis@4.0.1)(@deepseek-ai/dsh-invariants@0.1.7-alpha.2(@deepseek-ai/cordis@4.0.1)))
      '@deepseek-ai/dsh-user-approval': 0.1.7-alpha.2(@deepseek-ai/cordis@4.0.1)(@deepseek-ai/dsh-agent@0.1.7-alpha.2(b35fb659967b07125f84a5a41bf0e934))(@deepseek-ai/dsh-brand@0.1.7-alpha.2(@deepseek-ai/cordis@4.0.1))(@deepseek-ai/dsh-invariants@0.1.7-alpha.2(@deepseek-ai/cordis@4.0.1))(@deepseek-ai/dsh-llm@0.1.7-alpha.2(@deepseek-ai/cordis@4.0.1))(@deepseek-ai/dsh-scope@0.1.7-alpha.2(@deepseek-ai/cordis@4.0.1)(@deepseek-ai/dsh-invariants@0.1.7-alpha.2(@deepseek-ai/cordis@4.0.1)))(@deepseek-ai/dsh-session@0.1.7-alpha.2(@deepseek-ai/cordis@4.0.1)(@deepseek-ai/dsh-scope@0.1.7-alpha.2(@deepseek-ai/cordis@4.0.1)(@deepseek-ai/dsh-invariants@0.1.7-alpha.2(@deepseek-ai/cordis@4.0.1))))(@deepseek-ai/dsh-system-prompt@0.1.7-alpha.2(@deepseek-ai/cordis@4.0.1)(@deepseek-ai/dsh-invariants@0.1.7-alpha.2(@deepseek-ai/cordis@4.0.1))(@deepseek-ai/dsh-llm@0.1.7-alpha.2(@deepseek-ai/cordis@4.0.1))(@deepseek-ai/dsh-scope@0.1.7-alpha.2(@deepseek-ai/cordis@4.0.1)(@deepseek-ai/dsh-invariants@0.1.7-alpha.2(@deepseek-ai/cordis@4.0.1))))
      '@deepseek-ai/dsh-util-values': 0.1.7-alpha.2(@deepseek-ai/cordis@4.0.1)
      '@deepseek-ai/schemastery': 3.18.2

  '@deepseek-ai/dsh-typert-protocol@0.1.7-alpha.2(@deepseek-ai/cordis@4.0.1)':
    dependencies:
      '@deepseek-ai/cordis': 4.0.1(@deepseek-ai/cordis-plugin-include@1.0.7)(@deepseek-ai/cordis-plugin-loader@1.0.5)
      '@deepseek-ai/dsh-brand': 0.1.7-alpha.2(@deepseek-ai/cordis@4.0.1)

  '@deepseek-ai/dsh-user-approval@0.1.7-alpha.2(@deepseek-ai/cordis@4.0.1)(@deepseek-ai/dsh-agent@0.1.7-alpha.2(b35fb659967b07125f84a5a41bf0e934))(@deepseek-ai/dsh-brand@0.1.7-alpha.2(@deepseek-ai/cordis@4.0.1))(@deepseek-ai/dsh-invariants@0.1.7-alpha.2(@deepseek-ai/cordis@4.0.1))(@deepseek-ai/dsh-llm@0.1.7-alpha.2(@deepseek-ai/cordis@4.0.1))(@deepseek-ai/dsh-scope@0.1.7-alpha.2(@deepseek-ai/cordis@4.0.1)(@deepseek-ai/dsh-invariants@0.1.7-alpha.2(@deepseek-ai/cordis@4.0.1)))(@deepseek-ai/dsh-session@0.1.7-alpha.2(@deepseek-ai/cordis@4.0.1)(@deepseek-ai/dsh-scope@0.1.7-alpha.2(@deepseek-ai/cordis@4.0.1)(@deepseek-ai/dsh-invariants@0.1.7-alpha.2(@deepseek-ai/cordis@4.0.1))))(@deepseek-ai/dsh-system-prompt@0.1.7-alpha.2(@deepseek-ai/cordis@4.0.1)(@deepseek-ai/dsh-invariants@0.1.7-alpha.2(@deepseek-ai/cordis@4.0.1))(@deepseek-ai/dsh-llm@0.1.7-alpha.2(@deepseek-ai/cordis@4.0.1))(@deepseek-ai/dsh-scope@0.1.7-alpha.2(@deepseek-ai/cordis@4.0.1)(@deepseek-ai/dsh-invariants@0.1.7-alpha.2(@deepseek-ai/cordis@4.0.1))))':
    dependencies:
      '@deepseek-ai/cordis': 4.0.1(@deepseek-ai/cordis-plugin-include@1.0.7)(@deepseek-ai/cordis-plugin-loader@1.0.5)
      '@deepseek-ai/dsh-agent': 0.1.7-alpha.2(b35fb659967b07125f84a5a41bf0e934)
      '@deepseek-ai/dsh-brand': 0.1.7-alpha.2(@deepseek-ai/cordis@4.0.1)
      '@deepseek-ai/dsh-invariants': 0.1.7-alpha.2(@deepseek-ai/cordis@4.0.1)
      '@deepseek-ai/dsh-llm': 0.1.7-alpha.2(@deepseek-ai/cordis@4.0.1)
      '@deepseek-ai/dsh-scope': 0.1.7-alpha.2(@deepseek-ai/cordis@4.0.1)(@deepseek-ai/dsh-invariants@0.1.7-alpha.2(@deepseek-ai/cordis@4.0.1))
      '@deepseek-ai/dsh-session': 0.1.7-alpha.2(@deepseek-ai/cordis@4.0.1)(@deepseek-ai/dsh-scope@0.1.7-alpha.2(@deepseek-ai/cordis@4.0.1)(@deepseek-ai/dsh-invariants@0.1.7-alpha.2(@deepseek-ai/cordis@4.0.1)))
      '@deepseek-ai/dsh-system-prompt': 0.1.7-alpha.2(@deepseek-ai/cordis@4.0.1)(@deepseek-ai/dsh-invariants@0.1.7-alpha.2(@deepseek-ai/cordis@4.0.1))(@deepseek-ai/dsh-llm@0.1.7-alpha.2(@deepseek-ai/cordis@4.0.1))(@deepseek-ai/dsh-scope@0.1.7-alpha.2(@deepseek-ai/cordis@4.0.1)(@deepseek-ai/dsh-invariants@0.1.7-alpha.2(@deepseek-ai/cordis@4.0.1)))
      '@deepseek-ai/schemastery': 3.18.2

  '@deepseek-ai/dsh-util-crypto@0.1.7-alpha.2(@deepseek-ai/cordis@4.0.1)':
    dependencies:
      '@deepseek-ai/cordis': 4.0.1(@deepseek-ai/cordis-plugin-include@1.0.7)(@deepseek-ai/cordis-plugin-loader@1.0.5)

  '@deepseek-ai/dsh-util-time@0.1.7-alpha.2(@deepseek-ai/cordis@4.0.1)':
    dependencies:
      '@deepseek-ai/cordis': 4.0.1(@deepseek-ai/cordis-plugin-include@1.0.7)(@deepseek-ai/cordis-plugin-loader@1.0.5)

  '@deepseek-ai/dsh-util-values@0.1.7-alpha.2(@deepseek-ai/cordis@4.0.1)':
    dependencies:
      '@deepseek-ai/cordis': 4.0.1(@deepseek-ai/cordis-plugin-include@1.0.7)(@deepseek-ai/cordis-plugin-loader@1.0.5)

  '@deepseek-ai/schemastery@3.18.2':
    dependencies:
      '@deepseek-ai/cosmokit': 1.8.5
      '@standard-schema/spec': 1.1.0

  '@standard-schema/spec@1.1.0': {}

  '@types/node@22.20.1':
    dependencies:
      undici-types: 6.21.0

  argparse@2.0.1:
    optional: true

  js-yaml@4.3.2:
    dependencies:
      argparse: 2.0.1
    optional: true

  typescript@5.9.3: {}

  undici-types@6.21.0: {}

  zod@4.5.1: {}
