{
  "name": "oc-browser-bridge",
  "version": "1.0.0",
  "lockfileVersion": 3,
  "requires": true,
  "packages": {
    "": {
      "name": "oc-browser-bridge",
      "version": "1.0.0",
      "license": "ISC",
      "dependencies": {
        "eventsource": "^5.1.1",
        "playwright-core": "^1.62.1"
      }
    },
    "node_modules/eventsource": {
      "version": "5.1.1",
      "resolved": "https://registry.npmjs.org/eventsource/-/eventsource-5.1.1.tgz",
      "integrity": "sha512-onrlI7l612Ee3xnBqZNTq4djf6Fho/0yIpO/rYjRG/FzjMyPJquNx9SS3QyjglnVFxwxrube1XmX41zB+0Rdgw==",
      "license": "MIT",
      "dependencies": {
        "eventsource-parser": "^4.1.0"
      },
      "engines": {
        "node": ">=22.12.0"
      }
    },
    "node_modules/eventsource-parser": {
      "version": "4.1.0",
      "resolved": "https://registry.npmjs.org/eventsource-parser/-/eventsource-parser-4.1.0.tgz",
      "integrity": "sha512-+DHvQ1wLO//MK+1OZgcuXCbZFKgu3YjKPJt7n98rxX8vezL0ni+7s3ZQiM8bJkUEOk7MsuCycrPLj0FzUNf7Og==",
      "license": "MIT",
      "engines": {
        "node": ">=22.12"
      }
    },
    "node_modules/playwright-core": {
      "version": "1.62.1",
      "resolved": "https://registry.npmjs.org/playwright-core/-/playwright-core-1.62.1.tgz",
      "integrity": "sha512-wPYSwEBJY9GHraISXqyqtx0na0LpO3XEX7jNDhntbex7tzUS7kLnZsOlFruFJB4Hi/rhDMjXGqHewDZ68nYZVw==",
      "license": "Apache-2.0",
      "bin": {
        "playwright-core": "cli.js"
      },
      "engines": {
        "node": ">=20"
      }
    }
  }
}
